github.com/go-kit/kit v0.12.0 h1:e4o3o3IsBfAKQh5Qbbiqyfu97Ku7jrO/JbohvztANh4=
github.com/go-kit/kit v0.12.0/go.mod h1:lHd+EkCZPIwYItmGDDRdhinkzX2A1sj+M9biaEaizzs=
github.com/go-kit/log v0.2.1 h1:MRVx0/zhvdseW+Gza6N9rVzU/IVzaeE1SFI4raAhmBU=
github.com/go-kit/log v0.2.1/go.mod h1:NwTd00d/i8cPZ3xOwwiv2PO5MOcx78fFErGNcVmBjv0=
github.com/go-logfmt/logfmt v0.6.0 h1:wGYYu3uicYdqXVgoYbvnkrPVXkuLM1p1ifugDMEdRi4=
github.com/go-logfmt/logfmt v0.6.0/go.mod h1:WYhtIu8zTZfxdn5+rREduYbwxfcBr/Vr6KEVveWlfTs=
github.com/go-sql-driver/mysql v1.7.0 h1:ueSltNNllEqE3qcWBTD0iQd3IpL/6U+mJxLkazJ7YPc=
github.com/go-sql-driver/mysql v1.7.0/go.mod h1:OXbVy3sEdcQ2Doequ6Z5BW6fXNQTmx+9S1MCJN5yJMI=
github.com/google/uuid v1.3.0 h1:t6JiXgmwXMjEs8VusXIJk2BXHsn+wx8BZdTaoZ5fu7I=
github.com/google/uuid v1.3.0/go.mod h1:TIyPZe4MgqvfeYDBFedMoGGpEw/LqOeaOT+nhxU+yHo=
github.com/gorilla/mux v1.8.0 h1:i40aqfkR1h2SlN9hojwV5ZA91wcXFOvkdNIeFDP5koI=
github.com/gorilla/mux v1.8.0/go.mod h1:DVbg23sWSpFRCP0SfiEN6jmj59UnW/n46BH5rLB71So=
github.com/jinzhu/inflection v1.0.0 h1:K317FqzuhWc8YvSVlFMCCUb36O/S9MCKRDI7QkRKD/E=
github.com/jinzhu/inflection v1.0.0/go.mod h1:h+uFLlag+Qp1Va5pdKtLDYj+kHp5pxUVkryuEj+Srlc=
github.com/jinzhu/now v1.1.5 h1:/o9tlHleP7gOFmsnYNz3RGnqzefHA47wQpKrrdTIwXQ=
github.com/jinzhu/now v1.1.5/go.mod h1:d3SSVoowX0Lcu0IBviAWJpolVfI5UJVZZ7cO71lE/z8=
github.com/joho/godotenv v1.5.1 h1:7eLL/+HRGLY0ldzfGMeQkb7vMd0as4CfYvUVzLqw0N0=
github.com/joho/godotenv v1.5.1/go.mod h1:f4LDr5Voq0i2e/R5DDNOoa2zzDfwtkZa6DnEwAbqwq4=
github.com/jonathannavas/go_course_sdk v0.0.2 h1:ZLJM2ApTle6vJNXxtvPzdBZkdKvZixsFimMc9HwebRM=
github.com/jonathannavas/go_course_sdk v0.0.2/go.mod h1:KQDwlK1PDq5HsYhlwuN7A1rjl1lyFOebO23zGSo1ics=
github.com/jonathannavas/go_lib_response v0.0.1 h1:FH2GH+UER23kr0x4TiXY3BjI7RUGLmsrgOCrX0ADj5Q=
github.com/jonathannavas/go_lib_response v0.0.1/go.mod h1:DDcaDC1uqUITIy0vAEFl5pUDQqdzRmRanY/D7ljF9cQ=
github.com/jonathannavas/gocourse_domain v0.0.3 h1:B1Ho1YWcrs0FvfDuXzSpePNOggKRItaKIRimL3d6h4Y=
github.com/jonathannavas/gocourse_domain v0.0.3/go.mod h1:aCzrPU6Y9+OQx0RkZK2JCqcI+oCYm6geKcX2lbQ5FOY=
github.com/jonathannavas/gocourse_meta v0.0.2 h1:PB+WW7MsPxpMMI/DRZSGRmYlDXqwMPuqjJZCfyGkQu8=
github.com/jonathannavas/gocourse_meta v0.0.2/go.mod h1:VAIUG5bHUDrwOKrp8wZChAr1nGtJov1PsByIrL7+8so=
github.com/ncostamagna/go_http_client v0.0.1 h1:Nd2OGLo7KNvTRjA7OjMRdJCsIq1yBHgP9VSnwPhQbnY=
github.com/ncostamagna/go_http_client v0.0.1/go.mod h1:6gp1XfbSK4l6LBfJYmRTTDFFMGLae59hdxzrNh3+/jQ=
gorm.io/driver/mysql v1.5.0 h1:6hSAT5QcyIaty0jfnff0z0CLDjyRgZ8mlMHLqSt7uXM=
gorm.io/driver/mysql v1.5.0/go.mod h1:FFla/fJuCvyTi7rJQd27qlNX2v3L6deTR1GgTjSOLPo=
gorm.io/gorm v1.24.7-0.20230306060331-85eaf9eeda11/go.mod h1:L4uxeKpfBml98NYqVqwAdmV1a2nBtAec/cf3fpucW/k=
gorm.io/gorm v1.25.0 h1:+KtYtb2roDz14EQe4bla8CbQlmb9dN3VejSai3lprfU=
gorm.io/gorm v1.25.0/go.mod h1:L4uxeKpfBml98NYqVqwAdmV1a2nBtAec/cf3fpucW/k=
